
Microsoft Visual Studio Solution File, Format Version 12.00
# Visual Studio Version 17
VisualStudioVersion = 17.3.32901.215
MinimumVisualStudioVersion = 10.0.40219.1
Project("{FAE04EC0-301F-11D3-BF4B-00C04F79EFBC}") = "Treasure_Searcher", "Treasure_Searcher\Treasure_Searcher.csproj", "{90CEAE71-5AE6-4B2B-BB10-50CB26812338}"
EndProject
Global
	GlobalSection(SolutionConfigurationPlatforms) = preSolution
		Debug|Any CPU = Debug|Any CPU
		Release|Any CPU = Release|Any CPU
	EndGlobalSection
	GlobalSection(ProjectConfigurationPlatforms) = postSolution
		{90CEAE71-5AE6-4B2B-BB10-50CB26812338}.Debug|Any CPU.ActiveCfg = Debug|Any CPU
		{90CEAE71-5AE6-4B2B-BB10-50CB26812338}.Debug|Any CPU.Build.0 = Debug|Any CPU
		{90CEAE71-5AE6-4B2B-BB10-50CB26812338}.Release|Any CPU.ActiveCfg = Release|Any CPU
		{90CEAE71-5AE6-4B2B-BB10-50CB26812338}.Release|Any CPU.Build.0 = Release|Any CPU
	EndGlobalSection
	GlobalSection(SolutionProperties) = preSolution
		HideSolutionNode = FALSE
	EndGlobalSection
	GlobalSection(ExtensibilityGlobals) = postSolution
		SolutionGuid = {AA058241-332A-42C6-9431-F8DEE6554FD2}
	EndGlobalSection
EndGlobal
